
Microsoft Visual Studio Solution File, Format Version 12.00
# Visual Studio 15
VisualStudioVersion = 15.0.27703.2035
MinimumVisualStudioVersion = 10.0.40219.1
Project("{FAE04EC0-301F-11D3-BF4B-00C04F79EFBC}") = "Example_15(SQL)", "Example_15(SQL)\Example_15(SQL).csproj", "{AD33D28B-82E3-4DAD-A505-81F1C062B84A}"
EndProject
Global
	GlobalSection(SolutionConfigurationPlatforms) = preSolution
		Debug|Any CPU = Debug|Any CPU
		Release|Any CPU = Release|Any CPU
	EndGlobalSection
	GlobalSection(ProjectConfigurationPlatforms) = postSolution
		{AD33D28B-82E3-4DAD-A505-81F1C062B84A}.Debug|Any CPU.ActiveCfg = Debug|Any CPU
		{AD33D28B-82E3-4DAD-A505-81F1C062B84A}.Debug|Any CPU.Build.0 = Debug|Any CPU
		{AD33D28B-82E3-4DAD-A505-81F1C062B84A}.Release|Any CPU.ActiveCfg = Release|Any CPU
		{AD33D28B-82E3-4DAD-A505-81F1C062B84A}.Release|Any CPU.Build.0 = Release|Any CPU
	EndGlobalSection
	GlobalSection(SolutionProperties) = preSolution
		HideSolutionNode = FALSE
	EndGlobalSection
	GlobalSection(ExtensibilityGlobals) = postSolution
		SolutionGuid = {726765FB-2A83-483A-8680-6F2A064F17FF}
	EndGlobalSection
EndGlobal
